
Microsoft Visual Studio Solution File, Format Version 12.00
# Visual Studio Version 16
VisualStudioVersion = 16.0.30711.63
MinimumVisualStudioVersion = 10.0.40219.1
Project("{FAE04EC0-301F-11D3-BF4B-00C04F79EFBC}") = "Aplication", "Aplication\Aplication.csproj", "{58C94E2E-0D8F-4DE9-BD6F-80FFC212B390}"
EndProject
Project("{FAE04EC0-301F-11D3-BF4B-00C04F79EFBC}") = "AplicationTest", "AplicationTest\AplicationTest.csproj", "{ACA1880A-D03C-4AFF-A28A-95D18B576F48}"
EndProject
Global
	GlobalSection(SolutionConfigurationPlatforms) = preSolution
		Debug|Any CPU = Debug|Any CPU
		Release|Any CPU = Release|Any CPU
	EndGlobalSection
	GlobalSection(ProjectConfigurationPlatforms) = postSolution
		{58C94E2E-0D8F-4DE9-BD6F-80FFC212B390}.Debug|Any CPU.ActiveCfg = Debug|Any CPU
		{58C94E2E-0D8F-4DE9-BD6F-80FFC212B390}.Debug|Any CPU.Build.0 = Debug|Any CPU
		{58C94E2E-0D8F-4DE9-BD6F-80FFC212B390}.Release|Any CPU.ActiveCfg = Release|Any CPU
		{58C94E2E-0D8F-4DE9-BD6F-80FFC212B390}.Release|Any CPU.Build.0 = Release|Any CPU
		{ACA1880A-D03C-4AFF-A28A-95D18B576F48}.Debug|Any CPU.ActiveCfg = Debug|Any CPU
		{ACA1880A-D03C-4AFF-A28A-95D18B576F48}.Debug|Any CPU.Build.0 = Debug|Any CPU
		{ACA1880A-D03C-4AFF-A28A-95D18B576F48}.Release|Any CPU.ActiveCfg = Release|Any CPU
		{ACA1880A-D03C-4AFF-A28A-95D18B576F48}.Release|Any CPU.Build.0 = Release|Any CPU
	EndGlobalSection
	GlobalSection(SolutionProperties) = preSolution
		HideSolutionNode = FALSE
	EndGlobalSection
	GlobalSection(ExtensibilityGlobals) = postSolution
		SolutionGuid = {C879D7DF-5E29-4394-BFFB-622C767B9950}
	EndGlobalSection
EndGlobal
